{
  "name": "jg_gamez_108",
  "version": "1.0.0",
  "lockfileVersion": 1,
  "requires": true,
  "dependencies": {
    "@datarangers/sdk-qg": {
      "version": "2.1.1",
      "resolved": "https://registry.npmjs.org/@datarangers/sdk-qg/-/sdk-qg-2.1.1.tgz",
      "integrity": "sha512-CWMVgHntyuiB1ejN/kFdFJ069lqFgkLvqSHqamaJ51L34mwzTGDfSxGUX4HOCPQm4SicTZaQwSRoaqlaaO4eGA=="
    }
  }
}
